# This file is autogenerated, do not edit; changes may be undone by the next 'dep ensure'.


[[projects]]
  branch = "master"
  name = "github.com/thewolfnl/ibanlib"
  packages = ["."]
  revision = "d49256b066f6be11a5e091a18c2b10c6e626c915"

[[projects]]
  branch = "master"
  name = "github.com/thewolfnl/numericvalues"
  packages = ["."]
  revision = "0e6b082823d8219efa2161ccd7044787b450b8d1"

[solve-meta]
  analyzer-name = "dep"
  analyzer-version = 1
  inputs-digest = "7671b2485ab1f7ba844b9c8341aa4ab15952b2e02c13a0bbce244da66a7764b3"
  solver-name = "gps-cdcl"
  solver-version = 1
